lockfileVersion: '6.0'

settings:
  autoInstallPeers: true
  excludeLinksFromLockfile: false

dependencies:
  shiki-nova1751:
    specifier: ^0.0.0
    version: 0.0.0
  strip-indent:
    specifier: ^4.1.0
    version: 4.1.0

packages:

  /ansi-sequence-parser@1.1.1:
    resolution: {integrity: sha512-vJXt3yiaUL4UU546s3rPXlsry/RnM730G1+HkpKE012AN0sx1eOrxSu95oKDIonskeLTijMgqWZ3uDEe3NFvyg==}
    dev: false

  /jsonc-parser@3.2.0:
    resolution: {integrity: sha512-gfFQZrcTc8CnKXp6Y4/CBT3fTc0OVuDofpre4aEeEpSBPV5X5v4+Vmx+8snU7RLPrNHPKSgLxGo9YuQzz20o+w==}
    dev: false

  /shiki-nova1751@0.0.0:
    resolution: {integrity: sha512-6RK+IVNm+j5vPYsRP8Yv9M7dETcmQGO2T6sR2TWF64LgqiIc/zAt+yX+5lhTWegQ36nh1/t+YViX8ypZJGqdJA==}
    dependencies:
      ansi-sequence-parser: 1.1.1
      jsonc-parser: 3.2.0
      vscode-oniguruma: 1.7.0
      vscode-textmate: 8.0.0
    dev: false

  /strip-indent@4.1.0:
    resolution: {integrity: sha512-OA95x+JPmL7kc7zCu+e+TeYxEiaIyndRx0OrBcK2QPPH09oAndr2ALvymxWA+Lx1PYYvFUm4O63pRkdJAaW96w==}
    engines: {node: '>=12'}
    dev: false

  /vscode-oniguruma@1.7.0:
    resolution: {integrity: sha512-L9WMGRfrjOhgHSdOYgCt/yRMsXzLDJSL7BPrOZt73gU0iWO4mpqzqQzOz5srxqTvMBaR0XZTSrVWo4j55Rc6cA==}
    dev: false

  /vscode-textmate@8.0.0:
    resolution: {integrity: sha512-AFbieoL7a5LMqcnOF04ji+rpXadgOXnZsxQr//r83kLPr7biP7am3g9zbaZIaBGwBRWeSvoMD4mgPdX3e4NWBg==}
    dev: false
